
Microsoft Visual Studio Solution File, Format Version 12.00
Project("{2150E333-8FDC-42A3-9474-1A3956D46DE8}") = "Algorithm", "Algorithm", "{30605290-DE4E-4FE3-8939-D302506E08BE}"
EndProject
Project("{2150E333-8FDC-42A3-9474-1A3956D46DE8}") = "Lib", "Lib", "{CECB9D33-5FA0-4DC9-97D7-1A2F6357EE71}"
EndProject
Project("{2150E333-8FDC-42A3-9474-1A3956D46DE8}") = "Learn", "Learn", "{0736F652-351B-4DD3-9C5B-D808EC2BAEE1}"
EndProject
Project("{FAE04EC0-301F-11D3-BF4B-00C04F79EFBC}") = "welearn.net.algo.prime", "Algo\welearn.net.algo.prime\welearn.net.algo.prime.csproj", "{51F6E0FA-803A-44F7-9CD0-32F8B31A6897}"
EndProject
Project("{FAE04EC0-301F-11D3-BF4B-00C04F79EFBC}") = "welearn.net.easy", "Lib\welearn.net.easy\welearn.net.easy.csproj", "{6B0432A3-371F-406C-86C6-90D2C1BBC4F8}"
EndProject
Project("{FAE04EC0-301F-11D3-BF4B-00C04F79EFBC}") = "welearn.net.algo.TestAlgo", "Algo\welearn.net.algo.TestAlgo\welearn.net.algo.TestAlgo.csproj", "{456FA0E0-E8E3-4237-BCA2-BFC93BE19520}"
EndProject
Project("{FAE04EC0-301F-11D3-BF4B-00C04F79EFBC}") = "welearn.net.algo.piece", "Algo\welearn.net.algo.piece\welearn.net.algo.piece.csproj", "{E6434FE3-C293-43E6-9C85-676FB6D0503D}"
EndProject
Project("{2150E333-8FDC-42A3-9474-1A3956D46DE8}") = "Play", "Play", "{C4D4ED22-14EC-49ED-94B0-FA9E2647EA85}"
EndProject
Project("{FAE04EC0-301F-11D3-BF4B-00C04F79EFBC}") = "welearn.net.play.CpuTest", "Play\welearn.net.play.CpuTest\welearn.net.play.CpuTest.csproj", "{C6E89D6D-29D6-4250-9FD4-28977DAE2B92}"
EndProject
Project("{FAE04EC0-301F-11D3-BF4B-00C04F79EFBC}") = "welearn.net.learn.OOP", "Learn\welearn.net.learn.OOP\welearn.net.learn.OOP.csproj", "{413FD2B5-8478-4294-9866-68338524986A}"
EndProject
Project("{FAE04EC0-301F-11D3-BF4B-00C04F79EFBC}") = "welearn.net.learn.csharp", "Learn\welearn.net.learn.csharp\welearn.net.learn.csharp.csproj", "{A1D4F923-A972-4F8F-91CB-083D7C8A832A}"
EndProject
Project("{FAE04EC0-301F-11D3-BF4B-00C04F79EFBC}") = "welearn.net.learn.O0PKevin", "Learn\welearn.net.learn.O0PKevin\welearn.net.learn.O0PKevin.csproj", "{67DC609E-852B-4B80-AC36-74978605931E}"
EndProject
Project("{FAE04EC0-301F-11D3-BF4B-00C04F79EFBC}") = "welearn.net.play.Benchmark", "Play\welearn.net.play.Benchmark\welearn.net.play.Benchmark.csproj", "{1D71F0B8-2A7A-42B7-BD4C-90120EC30D9B}"
EndProject
Project("{FAE04EC0-301F-11D3-BF4B-00C04F79EFBC}") = "welearn.net.learn.WebApi", "Learn\welearn.net.learn.WebApi\welearn.net.learn.WebApi.csproj", "{7B6C2FFE-B845-400E-BFD9-53C62ABC5504}"
EndProject
Project("{FAE04EC0-301F-11D3-BF4B-00C04F79EFBC}") = "welearn.net.learn.DependencyInjection", "Learn\welearn.net.learn.DependencyInjection\welearn.net.learn.DependencyInjection.csproj", "{680DD994-DEE4-4C5F-8DE1-129ACBE9A203}"
EndProject
Project("{FAE04EC0-301F-11D3-BF4B-00C04F79EFBC}") = "welearn.net.learn.AsyncParallel", "Learn\welearn.net.learn.AsyncParallel\welearn.net.learn.AsyncParallel.csproj", "{31569635-7A9F-4E96-A06A-9CA84D2A11C2}"
EndProject
Project("{FAE04EC0-301F-11D3-BF4B-00C04F79EFBC}") = "welearn.net.play.Doodle", "Play\welearn.net.play.Doodle\welearn.net.play.Doodle.csproj", "{4C98C8F1-2C77-4FF9-8CFE-C41715A6776F}"
EndProject
Project("{FAE04EC0-301F-11D3-BF4B-00C04F79EFBC}") = "welearn.net.play.interview", "Play\welearn.net.play.interview\welearn.net.play.interview.csproj", "{45FE2CBE-B838-4C94-B7D4-5401DAB0A7FF}"
EndProject
Project("{2150E333-8FDC-42A3-9474-1A3956D46DE8}") = "Version", "Version", "{D2AD2F32-2438-420A-AC05-AACEDB908252}"
EndProject
Global
	GlobalSection(SolutionConfigurationPlatforms) = preSolution
		Debug|Any CPU = Debug|Any CPU
		Release|Any CPU = Release|Any CPU
	EndGlobalSection
	GlobalSection(NestedProjects) = preSolution
		{51F6E0FA-803A-44F7-9CD0-32F8B31A6897} = {30605290-DE4E-4FE3-8939-D302506E08BE}
		{6B0432A3-371F-406C-86C6-90D2C1BBC4F8} = {CECB9D33-5FA0-4DC9-97D7-1A2F6357EE71}
		{456FA0E0-E8E3-4237-BCA2-BFC93BE19520} = {30605290-DE4E-4FE3-8939-D302506E08BE}
		{E6434FE3-C293-43E6-9C85-676FB6D0503D} = {30605290-DE4E-4FE3-8939-D302506E08BE}
		{C6E89D6D-29D6-4250-9FD4-28977DAE2B92} = {C4D4ED22-14EC-49ED-94B0-FA9E2647EA85}
		{413FD2B5-8478-4294-9866-68338524986A} = {0736F652-351B-4DD3-9C5B-D808EC2BAEE1}
		{A1D4F923-A972-4F8F-91CB-083D7C8A832A} = {0736F652-351B-4DD3-9C5B-D808EC2BAEE1}
		{67DC609E-852B-4B80-AC36-74978605931E} = {0736F652-351B-4DD3-9C5B-D808EC2BAEE1}
		{1D71F0B8-2A7A-42B7-BD4C-90120EC30D9B} = {C4D4ED22-14EC-49ED-94B0-FA9E2647EA85}
		{7B6C2FFE-B845-400E-BFD9-53C62ABC5504} = {0736F652-351B-4DD3-9C5B-D808EC2BAEE1}
		{680DD994-DEE4-4C5F-8DE1-129ACBE9A203} = {0736F652-351B-4DD3-9C5B-D808EC2BAEE1}
		{31569635-7A9F-4E96-A06A-9CA84D2A11C2} = {0736F652-351B-4DD3-9C5B-D808EC2BAEE1}
		{4C98C8F1-2C77-4FF9-8CFE-C41715A6776F} = {C4D4ED22-14EC-49ED-94B0-FA9E2647EA85}
		{45FE2CBE-B838-4C94-B7D4-5401DAB0A7FF} = {C4D4ED22-14EC-49ED-94B0-FA9E2647EA85}
		{D2AD2F32-2438-420A-AC05-AACEDB908252} = {0736F652-351B-4DD3-9C5B-D808EC2BAEE1}
	EndGlobalSection
	GlobalSection(ProjectConfigurationPlatforms) = postSolution
		{51F6E0FA-803A-44F7-9CD0-32F8B31A6897}.Debug|Any CPU.ActiveCfg = Debug|Any CPU
		{51F6E0FA-803A-44F7-9CD0-32F8B31A6897}.Debug|Any CPU.Build.0 = Debug|Any CPU
		{51F6E0FA-803A-44F7-9CD0-32F8B31A6897}.Release|Any CPU.ActiveCfg = Release|Any CPU
		{51F6E0FA-803A-44F7-9CD0-32F8B31A6897}.Release|Any CPU.Build.0 = Release|Any CPU
		{6B0432A3-371F-406C-86C6-90D2C1BBC4F8}.Debug|Any CPU.ActiveCfg = Debug|Any CPU
		{6B0432A3-371F-406C-86C6-90D2C1BBC4F8}.Debug|Any CPU.Build.0 = Debug|Any CPU
		{6B0432A3-371F-406C-86C6-90D2C1BBC4F8}.Release|Any CPU.ActiveCfg = Release|Any CPU
		{6B0432A3-371F-406C-86C6-90D2C1BBC4F8}.Release|Any CPU.Build.0 = Release|Any CPU
		{456FA0E0-E8E3-4237-BCA2-BFC93BE19520}.Debug|Any CPU.ActiveCfg = Debug|Any CPU
		{456FA0E0-E8E3-4237-BCA2-BFC93BE19520}.Debug|Any CPU.Build.0 = Debug|Any CPU
		{456FA0E0-E8E3-4237-BCA2-BFC93BE19520}.Release|Any CPU.ActiveCfg = Release|Any CPU
		{456FA0E0-E8E3-4237-BCA2-BFC93BE19520}.Release|Any CPU.Build.0 = Release|Any CPU
		{E6434FE3-C293-43E6-9C85-676FB6D0503D}.Debug|Any CPU.ActiveCfg = Debug|Any CPU
		{E6434FE3-C293-43E6-9C85-676FB6D0503D}.Debug|Any CPU.Build.0 = Debug|Any CPU
		{E6434FE3-C293-43E6-9C85-676FB6D0503D}.Release|Any CPU.ActiveCfg = Release|Any CPU
		{E6434FE3-C293-43E6-9C85-676FB6D0503D}.Release|Any CPU.Build.0 = Release|Any CPU
		{C6E89D6D-29D6-4250-9FD4-28977DAE2B92}.Debug|Any CPU.ActiveCfg = Debug|Any CPU
		{C6E89D6D-29D6-4250-9FD4-28977DAE2B92}.Debug|Any CPU.Build.0 = Debug|Any CPU
		{C6E89D6D-29D6-4250-9FD4-28977DAE2B92}.Release|Any CPU.ActiveCfg = Release|Any CPU
		{C6E89D6D-29D6-4250-9FD4-28977DAE2B92}.Release|Any CPU.Build.0 = Release|Any CPU
		{413FD2B5-8478-4294-9866-68338524986A}.Debug|Any CPU.ActiveCfg = Debug|Any CPU
		{413FD2B5-8478-4294-9866-68338524986A}.Debug|Any CPU.Build.0 = Debug|Any CPU
		{413FD2B5-8478-4294-9866-68338524986A}.Release|Any CPU.ActiveCfg = Release|Any CPU
		{413FD2B5-8478-4294-9866-68338524986A}.Release|Any CPU.Build.0 = Release|Any CPU
		{A1D4F923-A972-4F8F-91CB-083D7C8A832A}.Debug|Any CPU.ActiveCfg = Debug|Any CPU
		{A1D4F923-A972-4F8F-91CB-083D7C8A832A}.Debug|Any CPU.Build.0 = Debug|Any CPU
		{A1D4F923-A972-4F8F-91CB-083D7C8A832A}.Release|Any CPU.ActiveCfg = Release|Any CPU
		{A1D4F923-A972-4F8F-91CB-083D7C8A832A}.Release|Any CPU.Build.0 = Release|Any CPU
		{67DC609E-852B-4B80-AC36-74978605931E}.Debug|Any CPU.ActiveCfg = Debug|Any CPU
		{67DC609E-852B-4B80-AC36-74978605931E}.Debug|Any CPU.Build.0 = Debug|Any CPU
		{67DC609E-852B-4B80-AC36-74978605931E}.Release|Any CPU.ActiveCfg = Release|Any CPU
		{67DC609E-852B-4B80-AC36-74978605931E}.Release|Any CPU.Build.0 = Release|Any CPU
		{1D71F0B8-2A7A-42B7-BD4C-90120EC30D9B}.Debug|Any CPU.ActiveCfg = Debug|Any CPU
		{1D71F0B8-2A7A-42B7-BD4C-90120EC30D9B}.Debug|Any CPU.Build.0 = Debug|Any CPU
		{1D71F0B8-2A7A-42B7-BD4C-90120EC30D9B}.Release|Any CPU.ActiveCfg = Release|Any CPU
		{1D71F0B8-2A7A-42B7-BD4C-90120EC30D9B}.Release|Any CPU.Build.0 = Release|Any CPU
		{7B6C2FFE-B845-400E-BFD9-53C62ABC5504}.Debug|Any CPU.ActiveCfg = Debug|Any CPU
		{7B6C2FFE-B845-400E-BFD9-53C62ABC5504}.Debug|Any CPU.Build.0 = Debug|Any CPU
		{7B6C2FFE-B845-400E-BFD9-53C62ABC5504}.Release|Any CPU.ActiveCfg = Release|Any CPU
		{7B6C2FFE-B845-400E-BFD9-53C62ABC5504}.Release|Any CPU.Build.0 = Release|Any CPU
		{680DD994-DEE4-4C5F-8DE1-129ACBE9A203}.Debug|Any CPU.ActiveCfg = Debug|Any CPU
		{680DD994-DEE4-4C5F-8DE1-129ACBE9A203}.Debug|Any CPU.Build.0 = Debug|Any CPU
		{680DD994-DEE4-4C5F-8DE1-129ACBE9A203}.Release|Any CPU.ActiveCfg = Release|Any CPU
		{680DD994-DEE4-4C5F-8DE1-129ACBE9A203}.Release|Any CPU.Build.0 = Release|Any CPU
		{31569635-7A9F-4E96-A06A-9CA84D2A11C2}.Debug|Any CPU.ActiveCfg = Debug|Any CPU
		{31569635-7A9F-4E96-A06A-9CA84D2A11C2}.Debug|Any CPU.Build.0 = Debug|Any CPU
		{31569635-7A9F-4E96-A06A-9CA84D2A11C2}.Release|Any CPU.ActiveCfg = Release|Any CPU
		{31569635-7A9F-4E96-A06A-9CA84D2A11C2}.Release|Any CPU.Build.0 = Release|Any CPU
		{4C98C8F1-2C77-4FF9-8CFE-C41715A6776F}.Debug|Any CPU.ActiveCfg = Debug|Any CPU
		{4C98C8F1-2C77-4FF9-8CFE-C41715A6776F}.Debug|Any CPU.Build.0 = Debug|Any CPU
		{4C98C8F1-2C77-4FF9-8CFE-C41715A6776F}.Release|Any CPU.ActiveCfg = Release|Any CPU
		{4C98C8F1-2C77-4FF9-8CFE-C41715A6776F}.Release|Any CPU.Build.0 = Release|Any CPU
		{45FE2CBE-B838-4C94-B7D4-5401DAB0A7FF}.Debug|Any CPU.ActiveCfg = Debug|Any CPU
		{45FE2CBE-B838-4C94-B7D4-5401DAB0A7FF}.Debug|Any CPU.Build.0 = Debug|Any CPU
		{45FE2CBE-B838-4C94-B7D4-5401DAB0A7FF}.Release|Any CPU.ActiveCfg = Release|Any CPU
		{45FE2CBE-B838-4C94-B7D4-5401DAB0A7FF}.Release|Any CPU.Build.0 = Release|Any CPU
	EndGlobalSection
EndGlobal
