
Microsoft Visual Studio Solution File, Format Version 12.00
Project("{FAE04EC0-301F-11D3-BF4B-00C04F79EFBC}") = "welear.net.learn.kafka.consumer", "welear.net.learn.kafka.consumer\welear.net.learn.kafka.consumer.csproj", "{0EABAE1E-BA10-49B3-9AF8-1DB6CC86EAAD}"
EndProject
Project("{FAE04EC0-301F-11D3-BF4B-00C04F79EFBC}") = "welear.net.learn.kafka.producer", "welear.net.learn.kafka.producer\welear.net.learn.kafka.producer.csproj", "{C9EC7377-AD1D-4959-B6EC-CA5B8CB401EB}"
EndProject
Global
	GlobalSection(SolutionConfigurationPlatforms) = preSolution
		Debug|Any CPU = Debug|Any CPU
		Release|Any CPU = Release|Any CPU
	EndGlobalSection
	GlobalSection(ProjectConfigurationPlatforms) = postSolution
		{0EABAE1E-BA10-49B3-9AF8-1DB6CC86EAAD}.Debug|Any CPU.ActiveCfg = Debug|Any CPU
		{0EABAE1E-BA10-49B3-9AF8-1DB6CC86EAAD}.Debug|Any CPU.Build.0 = Debug|Any CPU
		{0EABAE1E-BA10-49B3-9AF8-1DB6CC86EAAD}.Release|Any CPU.ActiveCfg = Release|Any CPU
		{0EABAE1E-BA10-49B3-9AF8-1DB6CC86EAAD}.Release|Any CPU.Build.0 = Release|Any CPU
		{C9EC7377-AD1D-4959-B6EC-CA5B8CB401EB}.Debug|Any CPU.ActiveCfg = Debug|Any CPU
		{C9EC7377-AD1D-4959-B6EC-CA5B8CB401EB}.Debug|Any CPU.Build.0 = Debug|Any CPU
		{C9EC7377-AD1D-4959-B6EC-CA5B8CB401EB}.Release|Any CPU.ActiveCfg = Release|Any CPU
		{C9EC7377-AD1D-4959-B6EC-CA5B8CB401EB}.Release|Any CPU.Build.0 = Release|Any CPU
	EndGlobalSection
EndGlobal
